
Microsoft Visual Studio Solution File, Format Version 12.00
Project("{FAE04EC0-301F-11D3-BF4B-00C04F79EFBC}") = "dotnet-external-secrets-demo", "dotnet-external-secrets-demo.csproj", "{C6500011-FC1F-49DB-9CD2-4C0241855E5A}"
EndProject
Global
	GlobalSection(SolutionConfigurationPlatforms) = preSolution
		Debug|Any CPU = Debug|Any CPU
		Release|Any CPU = Release|Any CPU
	EndGlobalSection
	GlobalSection(ProjectConfigurationPlatforms) = postSolution
		{C6500011-FC1F-49DB-9CD2-4C0241855E5A}.Debug|Any CPU.ActiveCfg = Debug|Any CPU
		{C6500011-FC1F-49DB-9CD2-4C0241855E5A}.Debug|Any CPU.Build.0 = Debug|Any CPU
		{C6500011-FC1F-49DB-9CD2-4C0241855E5A}.Release|Any CPU.ActiveCfg = Release|Any CPU
		{C6500011-FC1F-49DB-9CD2-4C0241855E5A}.Release|Any CPU.Build.0 = Release|Any CPU
	EndGlobalSection
EndGlobal
